github.com/a2aproject/a2a-go/v2 v2.6.0 h1:QflB0gHxOP0o5quvA/h9EbYgfOsmRsSmFkeBYtKdwwk=
github.com/a2aproject/a2a-go/v2 v2.6.0/go.mod h1:rvFIb0sBJl2qmJRYU2fQxI6hhIQksmGGMEhT/uRwWww=
github.com/google/go-cmp v0.7.0 h1:wk8382ETsv4JYUZwIsn6YpYiWiBsYLSJiTsyBybVuN8=
github.com/google/go-cmp v0.7.0/go.mod h1:pXiqmnSA92OHEEa9HXL2W4E7lf9JzCmGVUdgjX3N/iU=
github.com/google/uuid v1.6.0 h1:NIvaJDMOsjHA8n1jAhLSgzrAzy1Hgr+hNrb57e+94F0=
github.com/google/uuid v1.6.0/go.mod h1:TIyPZe4MgqvfeYDBFedMoGGpEw/LqOeaOT+nhxU+yHo=
go.uber.org/goleak v1.3.0 h1:2K3zAYmnTNqV73imy9J1T3WC+gmCePx2hEGkimedGto=
go.uber.org/goleak v1.3.0/go.mod h1:CoHD4mav9JJNrW/WLlf7HGZPjdw8EucARQHekz1X6bE=
golang.org/x/mod v0.38.0 h1:MECBjubtXD7yj4HrhIUcywNaGeNVUdfVnxmPajOk4yk=
golang.org/x/mod v0.38.0/go.mod h1:V6Xz0pq8TQ3dGqVQ1FVHuelZpAL0uNhSkk9ogYP3c40=
golang.org/x/sync v0.22.0 h1:SZjpbeLmrCk4xhRSZFNZW5gFUeCeFgjekvI/+gfScek=
golang.org/x/sync v0.22.0/go.mod h1:9xrNwdLfx4jkKbNva9FpL6vEN7evnE43NNNJQ2LF3+0=
