{
  "name": "tal-a2a-probes",
  "version": "1.0.0",
  "lockfileVersion": 3,
  "requires": true,
  "packages": {
    "": {
      "name": "tal-a2a-probes",
      "version": "1.0.0",
      "dependencies": {
        "@a2a-js/sdk": "1.2.1"
      },
      "devDependencies": {
        "@types/node": "25.3.5",
        "typescript": "5.9.3"
      },
      "engines": {
        "node": ">=20"
      }
    },
    "node_modules/@a2a-js/sdk": {
      "version": "1.2.1",
      "resolved": "https://registry.npmjs.org/@a2a-js/sdk/-/sdk-1.2.1.tgz",
      "integrity": "sha512-czCgk8Hw5TKgL0y9peDcxhHV3gGlVE8cHwPMhDOKoGM1QMsDCP1G8Fma6Snnpnr7Ci/U/1f0bFHnCyd7YnmioA==",
      "license": "Apache-2.0",
      "dependencies": {
        "jose": "^6.2.3"
      },
      "engines": {
        "node": ">=20"
      },
      "peerDependencies": {
        "@bufbuild/protobuf": "^2.10.2",
        "@grpc/grpc-js": "^1.11.0",
        "express": "^4.21.2 || ^5.1.0"
      },
      "peerDependenciesMeta": {
        "@bufbuild/protobuf": {
          "optional": true
        },
        "@grpc/grpc-js": {
          "optional": true
        },
        "express": {
          "optional": true
        }
      }
    },
    "node_modules/@types/node": {
      "version": "25.3.5",
      "resolved": "https://registry.npmjs.org/@types/node/-/node-25.3.5.tgz",
      "integrity": "sha512-oX8xrhvpiyRCQkG1MFchB09f+cXftgIXb3a7UUa4Y3wpmZPw5tyZGTLWhlESOLq1Rq6oDlc8npVU2/9xiCuXMA==",
      "dev": true,
      "license": "MIT",
      "dependencies": {
        "undici-types": "~7.18.0"
      }
    },
    "node_modules/jose": {
      "version": "6.2.12",
      "resolved": "https://registry.npmjs.org/jose/-/jose-6.2.12.tgz",
      "integrity": "sha512-9NiFmJEex0sy2Dk58j2UGBSHgUs2ypF9eZSu4L6vjOX3Dp96Sw1F3uL+H+D1sx02jZZdzUT0HgvCy59CuvXcWw==",
      "license": "MIT",
      "funding": {
        "url": "https://github.com/sponsors/panva"
      }
    },
    "node_modules/typescript": {
      "version": "5.9.3",
      "resolved": "https://registry.npmjs.org/typescript/-/typescript-5.9.3.tgz",
      "integrity": "sha512-jl1vZzPDinLr9eUt3J/t7V6FgNEw9QjvBPdysz9KfQDD41fQrC2Y4vKQdiaUpFT4bXlb1RHhLpp8wtm6M5TgSw==",
      "dev": true,
      "license": "Apache-2.0",
      "bin": {
        "tsc": "bin/tsc",
        "tsserver": "bin/tsserver"
      },
      "engines": {
        "node": ">=14.17"
      }
    },
    "node_modules/undici-types": {
      "version": "7.18.2",
      "resolved": "https://registry.npmjs.org/undici-types/-/undici-types-7.18.2.tgz",
      "integrity": "sha512-AsuCzffGHJybSaRrmr5eHr81mwJU3kjw6M+uprWvCXiNeN9SOGwQ3Jn8jb8m3Z6izVgknn1R0FTCEAP2QrLY/w==",
      "dev": true,
      "license": "MIT"
    }
  }
}
